
Microsoft Visual Studio Solution File, Format Version 12.00
# Visual Studio Version 17
VisualStudioVersion = 17.7.34031.279
MinimumVisualStudioVersion = 10.0.40219.1
Project("{8BC9CEB8-8B4A-11D0-8D11-00A0C91BC942}") = "Project31", "Project31\Project31.vcxproj", "{05379476-DE88-4A1E-9A59-88188CAC4EBF}"
EndProject
Global
	GlobalSection(SolutionConfigurationPlatforms) = preSolution
		Debug|x64 = Debug|x64
		Debug|x86 = Debug|x86
		Release|x64 = Release|x64
		Release|x86 = Release|x86
	EndGlobalSection
	GlobalSection(ProjectConfigurationPlatforms) = postSolution
		{05379476-DE88-4A1E-9A59-88188CAC4EBF}.Debug|x64.ActiveCfg = Debug|x64
		{05379476-DE88-4A1E-9A59-88188CAC4EBF}.Debug|x64.Build.0 = Debug|x64
		{05379476-DE88-4A1E-9A59-88188CAC4EBF}.Debug|x86.ActiveCfg = Debug|Win32
		{05379476-DE88-4A1E-9A59-88188CAC4EBF}.Debug|x86.Build.0 = Debug|Win32
		{05379476-DE88-4A1E-9A59-88188CAC4EBF}.Release|x64.ActiveCfg = Release|x64
		{05379476-DE88-4A1E-9A59-88188CAC4EBF}.Release|x64.Build.0 = Release|x64
		{05379476-DE88-4A1E-9A59-88188CAC4EBF}.Release|x86.ActiveCfg = Release|Win32
		{05379476-DE88-4A1E-9A59-88188CAC4EBF}.Release|x86.Build.0 = Release|Win32
	EndGlobalSection
	GlobalSection(SolutionProperties) = preSolution
		HideSolutionNode = FALSE
	EndGlobalSection
	GlobalSection(ExtensibilityGlobals) = postSolution
		SolutionGuid = {F6791292-2607-492F-BEB3-589CC43F2042}
	EndGlobalSection
EndGlobal
