
Microsoft Visual Studio Solution File, Format Version 12.00
# Visual Studio Version 16
VisualStudioVersion = 16.0.31702.278
MinimumVisualStudioVersion = 10.0.40219.1
Project("{8BC9CEB8-8B4A-11D0-8D11-00A0C91BC942}") = "spending", "spending\spending.vcxproj", "{FA005944-3345-413D-9977-303AFD6D7AFD}"
EndProject
Global
	GlobalSection(SolutionConfigurationPlatforms) = preSolution
		Debug|x64 = Debug|x64
		Debug|x86 = Debug|x86
		Release|x64 = Release|x64
		Release|x86 = Release|x86
	EndGlobalSection
	GlobalSection(ProjectConfigurationPlatforms) = postSolution
		{FA005944-3345-413D-9977-303AFD6D7AFD}.Debug|x64.ActiveCfg = Debug|x64
		{FA005944-3345-413D-9977-303AFD6D7AFD}.Debug|x64.Build.0 = Debug|x64
		{FA005944-3345-413D-9977-303AFD6D7AFD}.Debug|x86.ActiveCfg = Debug|Win32
		{FA005944-3345-413D-9977-303AFD6D7AFD}.Debug|x86.Build.0 = Debug|Win32
		{FA005944-3345-413D-9977-303AFD6D7AFD}.Release|x64.ActiveCfg = Release|x64
		{FA005944-3345-413D-9977-303AFD6D7AFD}.Release|x64.Build.0 = Release|x64
		{FA005944-3345-413D-9977-303AFD6D7AFD}.Release|x86.ActiveCfg = Release|Win32
		{FA005944-3345-413D-9977-303AFD6D7AFD}.Release|x86.Build.0 = Release|Win32
	EndGlobalSection
	GlobalSection(SolutionProperties) = preSolution
		HideSolutionNode = FALSE
	EndGlobalSection
	GlobalSection(ExtensibilityGlobals) = postSolution
		SolutionGuid = {A320E33B-7A59-4F01-8BE7-898C9CF404F6}
	EndGlobalSection
EndGlobal
