
Microsoft Visual Studio Solution File, Format Version 12.00
# Visual Studio Version 17
VisualStudioVersion = 17.3.32901.215
MinimumVisualStudioVersion = 10.0.40219.1
Project("{8BC9CEB8-8B4A-11D0-8D11-00A0C91BC942}") = "Project14", "Project14\Project14.vcxproj", "{17F30230-6877-47EA-B229-655D07D6FA40}"
EndProject
Global
	GlobalSection(SolutionConfigurationPlatforms) = preSolution
		Debug|x64 = Debug|x64
		Debug|x86 = Debug|x86
		Release|x64 = Release|x64
		Release|x86 = Release|x86
	EndGlobalSection
	GlobalSection(ProjectConfigurationPlatforms) = postSolution
		{17F30230-6877-47EA-B229-655D07D6FA40}.Debug|x64.ActiveCfg = Debug|x64
		{17F30230-6877-47EA-B229-655D07D6FA40}.Debug|x64.Build.0 = Debug|x64
		{17F30230-6877-47EA-B229-655D07D6FA40}.Debug|x86.ActiveCfg = Debug|Win32
		{17F30230-6877-47EA-B229-655D07D6FA40}.Debug|x86.Build.0 = Debug|Win32
		{17F30230-6877-47EA-B229-655D07D6FA40}.Release|x64.ActiveCfg = Release|x64
		{17F30230-6877-47EA-B229-655D07D6FA40}.Release|x64.Build.0 = Release|x64
		{17F30230-6877-47EA-B229-655D07D6FA40}.Release|x86.ActiveCfg = Release|Win32
		{17F30230-6877-47EA-B229-655D07D6FA40}.Release|x86.Build.0 = Release|Win32
	EndGlobalSection
	GlobalSection(SolutionProperties) = preSolution
		HideSolutionNode = FALSE
	EndGlobalSection
	GlobalSection(ExtensibilityGlobals) = postSolution
		SolutionGuid = {83E36249-A84D-443A-BA99-7C2AFE4A53A6}
	EndGlobalSection
EndGlobal
